
Microsoft Visual Studio Solution File, Format Version 12.00
# Visual Studio 14
VisualStudioVersion = 14.0.25420.1
MinimumVisualStudioVersion = 10.0.40219.1
Project("{FAE04EC0-301F-11D3-BF4B-00C04F79EFBC}") = "Vitality.Website", "Vitality.Website\Vitality.Website.csproj", "{ED53F038-83EE-4C5D-B208-783B0C6B3917}"
EndProject
Project("{2150E333-8FDC-42A3-9474-1A3956D46DE8}") = "UnitTests", "UnitTests", "{5EC4A583-F002-4FE9-BC9A-7B01EC9329F7}"
EndProject
Project("{FAE04EC0-301F-11D3-BF4B-00C04F79EFBC}") = "Vitality.Website.UnitTests", "UnitTests\Vitality.Website.UnitTests\Vitality.Website.UnitTests.csproj", "{72A74C1C-2B22-43E9-BB37-F3AB8D4731C5}"
EndProject
Project("{2150E333-8FDC-42A3-9474-1A3956D46DE8}") = "IntegrationTests", "IntegrationTests", "{9975603A-4885-49BE-A349-C5F149F51F6A}"
EndProject
Project("{FAE04EC0-301F-11D3-BF4B-00C04F79EFBC}") = "Vitality.Website.IntegrationTests", "IntegrationTests\Vitality.Website.IntegrationTests\Vitality.Website.IntegrationTests.csproj", "{300EABB6-2BB8-4BDB-BA8E-0C64599D6153}"
EndProject
Project("{2150E333-8FDC-42A3-9474-1A3956D46DE8}") = "Serialization", "Serialization", "{7DBC029E-4BFE-47D4-ADED-4124A0876869}"
EndProject
Project("{FAE04EC0-301F-11D3-BF4B-00C04F79EFBC}") = "Vitality.Website.SC", "Vitality.Website.SC\Vitality.Website.SC.csproj", "{EE2349BA-BC4F-48E3-851E-90AA3AEF0250}"
EndProject
Project("{FAE04EC0-301F-11D3-BF4B-00C04F79EFBC}") = "Vitality.Website.SC.UnitTests", "UnitTests\Vitality.Website.SC.UnitTests\Vitality.Website.SC.UnitTests.csproj", "{1A5386C6-8B46-4ECD-A81B-A9A043969E3E}"
EndProject
Project("{2150E333-8FDC-42A3-9474-1A3956D46DE8}") = "Solution Items", "Solution Items", "{E0BED16D-5DA4-4F68-B781-7F333FA4E837}"
	ProjectSection(SolutionItems) = preProject
		.editorconfig = .editorconfig
		.gitattributes = .gitattributes
		.gitignore = .gitignore
		NuGet.Config = NuGet.Config
	EndProjectSection
EndProject
Project("{CAA73BB0-EF22-4D79-A57E-DF67B3BA9C80}") = "Vitality.Website.Core", "Serialization\Vitality.Website.Core\Vitality.Website.Core.scproj", "{7DF208E1-19F6-46B0-B73D-BE169EA5891F}"
EndProject
Project("{CAA73BB0-EF22-4D79-A57E-DF67B3BA9C80}") = "Vitality.Website.Content", "Serialization\Vitality.Website.Content\Vitality.Website.Content.scproj", "{1D791707-5E8E-4635-8CFB-2412624F64B2}"
EndProject
Project("{CAA73BB0-EF22-4D79-A57E-DF67B3BA9C80}") = "Vitality.Website.Master", "Serialization\Vitality.Website.Master\Vitality.Website.Master.scproj", "{11D0116B-F0F0-4060-A0F7-4B0D733F5223}"
EndProject
Project("{2150E333-8FDC-42A3-9474-1A3956D46DE8}") = "SonarQube", "SonarQube", "{5493304E-7D1E-403C-AF98-FC80C8F080A7}"
	ProjectSection(SolutionItems) = preProject
		SonarQube\SolutionBinding.sqconfig = SonarQube\SolutionBinding.sqconfig
		SonarQube\Vitality_0e40c8adCSharp.ruleset = SonarQube\Vitality_0e40c8adCSharp.ruleset
		SonarQube\Vitality_b062e81aCSharp.ruleset = SonarQube\Vitality_b062e81aCSharp.ruleset
	EndProjectSection
EndProject
Global
	GlobalSection(SolutionConfigurationPlatforms) = preSolution
		Debug|Any CPU = Debug|Any CPU
		PROD|Any CPU = PROD|Any CPU
		Release|Any CPU = Release|Any CPU
		SIT|Any CPU = SIT|Any CPU
		UAT|Any CPU = UAT|Any CPU
	EndGlobalSection
	GlobalSection(ProjectConfigurationPlatforms) = postSolution
		{ED53F038-83EE-4C5D-B208-783B0C6B3917}.Debug|Any CPU.ActiveCfg = Debug|Any CPU
		{ED53F038-83EE-4C5D-B208-783B0C6B3917}.Debug|Any CPU.Build.0 = Debug|Any CPU
		{ED53F038-83EE-4C5D-B208-783B0C6B3917}.PROD|Any CPU.ActiveCfg = PROD|Any CPU
		{ED53F038-83EE-4C5D-B208-783B0C6B3917}.PROD|Any CPU.Build.0 = PROD|Any CPU
		{ED53F038-83EE-4C5D-B208-783B0C6B3917}.Release|Any CPU.ActiveCfg = Release|Any CPU
		{ED53F038-83EE-4C5D-B208-783B0C6B3917}.Release|Any CPU.Build.0 = Release|Any CPU
		{ED53F038-83EE-4C5D-B208-783B0C6B3917}.SIT|Any CPU.ActiveCfg = Release|Any CPU
		{ED53F038-83EE-4C5D-B208-783B0C6B3917}.SIT|Any CPU.Build.0 = Release|Any CPU
		{ED53F038-83EE-4C5D-B208-783B0C6B3917}.UAT|Any CPU.ActiveCfg = Release|Any CPU
		{ED53F038-83EE-4C5D-B208-783B0C6B3917}.UAT|Any CPU.Build.0 = Release|Any CPU
		{72A74C1C-2B22-43E9-BB37-F3AB8D4731C5}.Debug|Any CPU.ActiveCfg = Debug|Any CPU
		{72A74C1C-2B22-43E9-BB37-F3AB8D4731C5}.Debug|Any CPU.Build.0 = Debug|Any CPU
		{72A74C1C-2B22-43E9-BB37-F3AB8D4731C5}.PROD|Any CPU.ActiveCfg = PROD|Any CPU
		{72A74C1C-2B22-43E9-BB37-F3AB8D4731C5}.PROD|Any CPU.Build.0 = PROD|Any CPU
		{72A74C1C-2B22-43E9-BB37-F3AB8D4731C5}.Release|Any CPU.ActiveCfg = Release|Any CPU
		{72A74C1C-2B22-43E9-BB37-F3AB8D4731C5}.Release|Any CPU.Build.0 = Release|Any CPU
		{72A74C1C-2B22-43E9-BB37-F3AB8D4731C5}.SIT|Any CPU.ActiveCfg = Release|Any CPU
		{72A74C1C-2B22-43E9-BB37-F3AB8D4731C5}.SIT|Any CPU.Build.0 = Release|Any CPU
		{72A74C1C-2B22-43E9-BB37-F3AB8D4731C5}.UAT|Any CPU.ActiveCfg = Release|Any CPU
		{72A74C1C-2B22-43E9-BB37-F3AB8D4731C5}.UAT|Any CPU.Build.0 = Release|Any CPU
		{300EABB6-2BB8-4BDB-BA8E-0C64599D6153}.Debug|Any CPU.ActiveCfg = Debug|Any CPU
		{300EABB6-2BB8-4BDB-BA8E-0C64599D6153}.Debug|Any CPU.Build.0 = Debug|Any CPU
		{300EABB6-2BB8-4BDB-BA8E-0C64599D6153}.PROD|Any CPU.ActiveCfg = PROD|Any CPU
		{300EABB6-2BB8-4BDB-BA8E-0C64599D6153}.PROD|Any CPU.Build.0 = PROD|Any CPU
		{300EABB6-2BB8-4BDB-BA8E-0C64599D6153}.Release|Any CPU.ActiveCfg = Release|Any CPU
		{300EABB6-2BB8-4BDB-BA8E-0C64599D6153}.Release|Any CPU.Build.0 = Release|Any CPU
		{300EABB6-2BB8-4BDB-BA8E-0C64599D6153}.SIT|Any CPU.ActiveCfg = Release|Any CPU
		{300EABB6-2BB8-4BDB-BA8E-0C64599D6153}.SIT|Any CPU.Build.0 = Release|Any CPU
		{300EABB6-2BB8-4BDB-BA8E-0C64599D6153}.UAT|Any CPU.ActiveCfg = Release|Any CPU
		{300EABB6-2BB8-4BDB-BA8E-0C64599D6153}.UAT|Any CPU.Build.0 = Release|Any CPU
		{EE2349BA-BC4F-48E3-851E-90AA3AEF0250}.Debug|Any CPU.ActiveCfg = Debug|Any CPU
		{EE2349BA-BC4F-48E3-851E-90AA3AEF0250}.Debug|Any CPU.Build.0 = Debug|Any CPU
		{EE2349BA-BC4F-48E3-851E-90AA3AEF0250}.PROD|Any CPU.ActiveCfg = PROD|Any CPU
		{EE2349BA-BC4F-48E3-851E-90AA3AEF0250}.PROD|Any CPU.Build.0 = PROD|Any CPU
		{EE2349BA-BC4F-48E3-851E-90AA3AEF0250}.Release|Any CPU.ActiveCfg = Release|Any CPU
		{EE2349BA-BC4F-48E3-851E-90AA3AEF0250}.Release|Any CPU.Build.0 = Release|Any CPU
		{EE2349BA-BC4F-48E3-851E-90AA3AEF0250}.SIT|Any CPU.ActiveCfg = Release|Any CPU
		{EE2349BA-BC4F-48E3-851E-90AA3AEF0250}.SIT|Any CPU.Build.0 = Release|Any CPU
		{EE2349BA-BC4F-48E3-851E-90AA3AEF0250}.UAT|Any CPU.ActiveCfg = Release|Any CPU
		{EE2349BA-BC4F-48E3-851E-90AA3AEF0250}.UAT|Any CPU.Build.0 = Release|Any CPU
		{1A5386C6-8B46-4ECD-A81B-A9A043969E3E}.Debug|Any CPU.ActiveCfg = Debug|Any CPU
		{1A5386C6-8B46-4ECD-A81B-A9A043969E3E}.Debug|Any CPU.Build.0 = Debug|Any CPU
		{1A5386C6-8B46-4ECD-A81B-A9A043969E3E}.PROD|Any CPU.ActiveCfg = PROD|Any CPU
		{1A5386C6-8B46-4ECD-A81B-A9A043969E3E}.PROD|Any CPU.Build.0 = PROD|Any CPU
		{1A5386C6-8B46-4ECD-A81B-A9A043969E3E}.Release|Any CPU.ActiveCfg = Release|Any CPU
		{1A5386C6-8B46-4ECD-A81B-A9A043969E3E}.Release|Any CPU.Build.0 = Release|Any CPU
		{1A5386C6-8B46-4ECD-A81B-A9A043969E3E}.SIT|Any CPU.ActiveCfg = Release|Any CPU
		{1A5386C6-8B46-4ECD-A81B-A9A043969E3E}.SIT|Any CPU.Build.0 = Release|Any CPU
		{1A5386C6-8B46-4ECD-A81B-A9A043969E3E}.UAT|Any CPU.ActiveCfg = Release|Any CPU
		{1A5386C6-8B46-4ECD-A81B-A9A043969E3E}.UAT|Any CPU.Build.0 = Release|Any CPU
		{7DF208E1-19F6-46B0-B73D-BE169EA5891F}.Debug|Any CPU.ActiveCfg = Debug|Any CPU
		{7DF208E1-19F6-46B0-B73D-BE169EA5891F}.Debug|Any CPU.Deploy.0 = Debug|Any CPU
		{7DF208E1-19F6-46B0-B73D-BE169EA5891F}.PROD|Any CPU.ActiveCfg = PROD|Any CPU
		{7DF208E1-19F6-46B0-B73D-BE169EA5891F}.PROD|Any CPU.Build.0 = PROD|Any CPU
		{7DF208E1-19F6-46B0-B73D-BE169EA5891F}.PROD|Any CPU.Deploy.0 = PROD|Any CPU
		{7DF208E1-19F6-46B0-B73D-BE169EA5891F}.Release|Any CPU.ActiveCfg = Release|Any CPU
		{7DF208E1-19F6-46B0-B73D-BE169EA5891F}.Release|Any CPU.Deploy.0 = Release|Any CPU
		{7DF208E1-19F6-46B0-B73D-BE169EA5891F}.SIT|Any CPU.ActiveCfg = Release|Any CPU
		{7DF208E1-19F6-46B0-B73D-BE169EA5891F}.SIT|Any CPU.Build.0 = Release|Any CPU
		{7DF208E1-19F6-46B0-B73D-BE169EA5891F}.SIT|Any CPU.Deploy.0 = Release|Any CPU
		{7DF208E1-19F6-46B0-B73D-BE169EA5891F}.UAT|Any CPU.ActiveCfg = Release|Any CPU
		{7DF208E1-19F6-46B0-B73D-BE169EA5891F}.UAT|Any CPU.Build.0 = Release|Any CPU
		{7DF208E1-19F6-46B0-B73D-BE169EA5891F}.UAT|Any CPU.Deploy.0 = Release|Any CPU
		{1D791707-5E8E-4635-8CFB-2412624F64B2}.Debug|Any CPU.ActiveCfg = Debug|Any CPU
		{1D791707-5E8E-4635-8CFB-2412624F64B2}.Debug|Any CPU.Deploy.0 = Debug|Any CPU
		{1D791707-5E8E-4635-8CFB-2412624F64B2}.PROD|Any CPU.ActiveCfg = PROD|Any CPU
		{1D791707-5E8E-4635-8CFB-2412624F64B2}.PROD|Any CPU.Build.0 = PROD|Any CPU
		{1D791707-5E8E-4635-8CFB-2412624F64B2}.PROD|Any CPU.Deploy.0 = PROD|Any CPU
		{1D791707-5E8E-4635-8CFB-2412624F64B2}.Release|Any CPU.ActiveCfg = Release|Any CPU
		{1D791707-5E8E-4635-8CFB-2412624F64B2}.Release|Any CPU.Deploy.0 = Release|Any CPU
		{1D791707-5E8E-4635-8CFB-2412624F64B2}.SIT|Any CPU.ActiveCfg = Release|Any CPU
		{1D791707-5E8E-4635-8CFB-2412624F64B2}.SIT|Any CPU.Build.0 = Release|Any CPU
		{1D791707-5E8E-4635-8CFB-2412624F64B2}.SIT|Any CPU.Deploy.0 = Release|Any CPU
		{1D791707-5E8E-4635-8CFB-2412624F64B2}.UAT|Any CPU.ActiveCfg = Release|Any CPU
		{1D791707-5E8E-4635-8CFB-2412624F64B2}.UAT|Any CPU.Build.0 = Release|Any CPU
		{1D791707-5E8E-4635-8CFB-2412624F64B2}.UAT|Any CPU.Deploy.0 = Release|Any CPU
		{11D0116B-F0F0-4060-A0F7-4B0D733F5223}.Debug|Any CPU.ActiveCfg = Debug|Any CPU
		{11D0116B-F0F0-4060-A0F7-4B0D733F5223}.Debug|Any CPU.Deploy.0 = Debug|Any CPU
		{11D0116B-F0F0-4060-A0F7-4B0D733F5223}.PROD|Any CPU.ActiveCfg = PROD|Any CPU
		{11D0116B-F0F0-4060-A0F7-4B0D733F5223}.PROD|Any CPU.Build.0 = PROD|Any CPU
		{11D0116B-F0F0-4060-A0F7-4B0D733F5223}.PROD|Any CPU.Deploy.0 = PROD|Any CPU
		{11D0116B-F0F0-4060-A0F7-4B0D733F5223}.Release|Any CPU.ActiveCfg = Release|Any CPU
		{11D0116B-F0F0-4060-A0F7-4B0D733F5223}.Release|Any CPU.Deploy.0 = Release|Any CPU
		{11D0116B-F0F0-4060-A0F7-4B0D733F5223}.SIT|Any CPU.ActiveCfg = Release|Any CPU
		{11D0116B-F0F0-4060-A0F7-4B0D733F5223}.SIT|Any CPU.Build.0 = Release|Any CPU
		{11D0116B-F0F0-4060-A0F7-4B0D733F5223}.SIT|Any CPU.Deploy.0 = Release|Any CPU
		{11D0116B-F0F0-4060-A0F7-4B0D733F5223}.UAT|Any CPU.ActiveCfg = Release|Any CPU
		{11D0116B-F0F0-4060-A0F7-4B0D733F5223}.UAT|Any CPU.Build.0 = Release|Any CPU
		{11D0116B-F0F0-4060-A0F7-4B0D733F5223}.UAT|Any CPU.Deploy.0 = Release|Any CPU
	EndGlobalSection
	GlobalSection(SolutionProperties) = preSolution
		HideSolutionNode = FALSE
	EndGlobalSection
	GlobalSection(NestedProjects) = preSolution
		{72A74C1C-2B22-43E9-BB37-F3AB8D4731C5} = {5EC4A583-F002-4FE9-BC9A-7B01EC9329F7}
		{300EABB6-2BB8-4BDB-BA8E-0C64599D6153} = {9975603A-4885-49BE-A349-C5F149F51F6A}
		{1A5386C6-8B46-4ECD-A81B-A9A043969E3E} = {5EC4A583-F002-4FE9-BC9A-7B01EC9329F7}
		{7DF208E1-19F6-46B0-B73D-BE169EA5891F} = {7DBC029E-4BFE-47D4-ADED-4124A0876869}
		{1D791707-5E8E-4635-8CFB-2412624F64B2} = {7DBC029E-4BFE-47D4-ADED-4124A0876869}
		{11D0116B-F0F0-4060-A0F7-4B0D733F5223} = {7DBC029E-4BFE-47D4-ADED-4124A0876869}
	EndGlobalSection
EndGlobal
